// !$*UTF8*$!
{
	archiveVersion = 1;
	classes = {
	};
	objectVersion = 55;
	objects = {

/* Begin PBXBuildFile section */
		E011ADDB2B29D53900591984 /* AppDelegate.swift in Sources */ = {isa = PBXBuildFile; fileRef = E011ADDA2B29D53900591984 /* AppDelegate.swift */; };
		E011ADDD2B29D53900591984 /* SceneDelegate.swift in Sources */ = {isa = PBXBuildFile; fileRef = E011ADDC2B29D53900591984 /* SceneDelegate.swift */; };
		E011ADDF2B29D53900591984 /* ViewController.swift in Sources */ = {isa = PBXBuildFile; fileRef = E011ADDE2B29D53900591984 /* ViewController.swift */; };
		E011ADE22B29D53900591984 /* Main.storyboard in Resources */ = {isa = PBXBuildFile; fileRef = E011ADE02B29D53900591984 /* Main.storyboard */; };
		E011ADE42B29D53F00591984 /* Assets.xcassets in Resources */ = {isa = PBXBuildFile; fileRef = E011ADE32B29D53F00591984 /* Assets.xcassets */; };
		E011ADE72B29D53F00591984 /* LaunchScreen.storyboard in Resources */ = {isa = PBXBuildFile; fileRef = E011ADE52B29D53F00591984 /* LaunchScreen.storyboard */; };
		E011ADF22B29D53F00591984 /* H5ForLocalV2Tests.swift in Sources */ = {isa = PBXBuildFile; fileRef = E011ADF12B29D53F00591984 /* H5ForLocalV2Tests.swift */; };
		E011ADFC2B29D53F00591984 /* H5ForLocalV2UITests.swift in Sources */ = {isa = PBXBuildFile; fileRef = E011ADFB2B29D53F00591984 /* H5ForLocalV2UITests.swift */; };
		E011ADFE2B29D53F00591984 /* H5ForLocalV2UITestsLaunchTests.swift in Sources */ = {isa = PBXBuildFile; fileRef = E011ADFD2B29D53F00591984 /* H5ForLocalV2UITestsLaunchTests.swift */; };
/* End PBXBuildFile section */

/* Begin PBXContainerItemProxy section */
		E011ADEE2B29D53F00591984 /* PBXContainerItemProxy */ = {
			isa = PBXContainerItemProxy;
			containerPortal = E011ADCF2B29D53900591984 /* Project object */;
			proxyType = 1;
			remoteGlobalIDString = E011ADD62B29D53900591984;
			remoteInfo = H5ForLocalV2;
		};
		E011ADF82B29D53F00591984 /* PBXContainerItemProxy */ = {
			isa = PBXContainerItemProxy;
			containerPortal = E011ADCF2B29D53900591984 /* Project object */;
			proxyType = 1;
			remoteGlobalIDString = E011ADD62B29D53900591984;
			remoteInfo = H5ForLocalV2;
		};
/* End PBXContainerItemProxy section */

/* Begin PBXFileReference section */
		E011ADD72B29D53900591984 /* H5ForLocalV2.app */ = {isa = PBXFileReference; explicitFileType = wrapper.application; includeInIndex = 0; path = H5ForLocalV2.app; sourceTree = BUILT_PRODUCTS_DIR; };
		E011ADDA2B29D53900591984 /* AppDelegate.swift */ = {isa = PBXFileReference; lastKnownFileType = sourcecode.swift; path = AppDelegate.swift; sourceTree = "<group>"; };
		E011ADDC2B29D53900591984 /* SceneDelegate.swift */ = {isa = PBXFileReference; lastKnownFileType = sourcecode.swift; path = SceneDelegate.swift; sourceTree = "<group>"; };
		E011ADDE2B29D53900591984 /* ViewController.swift */ = {isa = PBXFileReference; lastKnownFileType = sourcecode.swift; path = ViewController.swift; sourceTree = "<group>"; };
		E011ADE12B29D53900591984 /* Base */ = {isa = PBXFileReference; lastKnownFileType = file.storyboard; name = Base; path = Base.lproj/Main.storyboard; sourceTree = "<group>"; };
		E011ADE32B29D53F00591984 /* Assets.xcassets */ = {isa = PBXFileReference; lastKnownFileType = folder.assetcatalog; path = Assets.xcassets; sourceTree = "<group>"; };
		E011ADE62B29D53F00591984 /* Base */ = {isa = PBXFileReference; lastKnownFileType = file.storyboard; name = Base; path = Base.lproj/LaunchScreen.storyboard; sourceTree = "<group>"; };
		E011ADE82B29D53F00591984 /* Info.plist */ = {isa = PBXFileReference; lastKnownFileType = text.plist.xml; path = Info.plist; sourceTree = "<group>"; };
		E011ADED2B29D53F00591984 /* H5ForLocalV2Tests.xctest */ = {isa = PBXFileReference; explicitFileType = wrapper.cfbundle; includeInIndex = 0; path = H5ForLocalV2Tests.xctest; sourceTree = BUILT_PRODUCTS_DIR; };
		E011ADF12B29D53F00591984 /* H5ForLocalV2Tests.swift */ = {isa = PBXFileReference; lastKnownFileType = sourcecode.swift; path = H5ForLocalV2Tests.swift; sourceTree = "<group>"; };
		E011ADF72B29D53F00591984 /* H5ForLocalV2UITests.xctest */ = {isa = PBXFileReference; explicitFileType = wrapper.cfbundle; includeInIndex = 0; path = H5ForLocalV2UITests.xctest; sourceTree = BUILT_PRODUCTS_DIR; };
		E011ADFB2B29D53F00591984 /* H5ForLocalV2UITests.swift */ = {isa = PBXFileReference; lastKnownFileType = sourcecode.swift; path = H5ForLocalV2UITests.swift; sourceTree = "<group>"; };
		E011ADFD2B29D53F00591984 /* H5ForLocalV2UITestsLaunchTests.swift */ = {isa = PBXFileReference; lastKnownFileType = sourcecode.swift; path = H5ForLocalV2UITestsLaunchTests.swift; sourceTree = "<group>"; };
/* End PBXFileReference section */

/* Begin PBXFrameworksBuildPhase section */
		E011ADD42B29D53900591984 /* Frameworks */ = {
			isa = PBXFrameworksBuildPhase;
			buildActionMask = 2147483647;
			files = (
			);
			runOnlyForDeploymentPostprocessing = 0;
		};
		E011ADEA2B29D53F00591984 /* Frameworks */ = {
			isa = PBXFrameworksBuildPhase;
			buildActionMask = 2147483647;
			files = (
			);
			runOnlyForDeploymentPostprocessing = 0;
		};
		E011ADF42B29D53F00591984 /* Frameworks */ = {
			isa = PBXFrameworksBuildPhase;
			buildActionMask = 2147483647;
			files = (
			);
			runOnlyForDeploymentPostprocessing = 0;
		};
/* End PBXFrameworksBuildPhase section */

/* Begin PBXGroup section */
		E011ADCE2B29D53900591984 = {
			isa = PBXGroup;
			children = (
				E011ADD92B29D53900591984 /* H5ForLocalV2 */,
				E011ADF02B29D53F00591984 /* H5ForLocalV2Tests */,
				E011ADFA2B29D53F00591984 /* H5ForLocalV2UITests */,
				E011ADD82B29D53900591984 /* Products */,
			);
			sourceTree = "<group>";
		};
		E011ADD82B29D53900591984 /* Products */ = {
			isa = PBXGroup;
			children = (
				E011ADD72B29D53900591984 /* H5ForLocalV2.app */,
				E011ADED2B29D53F00591984 /* H5ForLocalV2Tests.xctest */,
				E011ADF72B29D53F00591984 /* H5ForLocalV2UITests.xctest */,
			);
			name = Products;
			sourceTree = "<group>";
		};
		E011ADD92B29D53900591984 /* H5ForLocalV2 */ = {
			isa = PBXGroup;
			children = (
				E011ADDA2B29D53900591984 /* AppDelegate.swift */,
				E011ADDC2B29D53900591984 /* SceneDelegate.swift */,
				E011ADDE2B29D53900591984 /* ViewController.swift */,
				E011ADE02B29D53900591984 /* Main.storyboard */,
				E011ADE32B29D53F00591984 /* Assets.xcassets */,
				E011ADE52B29D53F00591984 /* LaunchScreen.storyboard */,
				E011ADE82B29D53F00591984 /* Info.plist */,
			);
			path = H5ForLocalV2;
			sourceTree = "<group>";
		};
		E011ADF02B29D53F00591984 /* H5ForLocalV2Tests */ = {
			isa = PBXGroup;
			children = (
				E011ADF12B29D53F00591984 /* H5ForLocalV2Tests.swift */,
			);
			path = H5ForLocalV2Tests;
			sourceTree = "<group>";
		};
		E011ADFA2B29D53F00591984 /* H5ForLocalV2UITests */ = {
			isa = PBXGroup;
			children = (
				E011ADFB2B29D53F00591984 /* H5ForLocalV2UITests.swift */,
				E011ADFD2B29D53F00591984 /* H5ForLocalV2UITestsLaunchTests.swift */,
			);
			path = H5ForLocalV2UITests;
			sourceTree = "<group>";
		};
/* End PBXGroup section */

/* Begin PBXNativeTarget section */
		E011ADD62B29D53900591984 /* H5ForLocalV2 */ = {
			isa = PBXNativeTarget;
			buildConfigurationList = E011AE012B29D53F00591984 /* Build configuration list for PBXNativeTarget "H5ForLocalV2" */;
			buildPhases = (
				E011ADD32B29D53900591984 /* Sources */,
				E011ADD42B29D53900591984 /* Frameworks */,
				E011ADD52B29D53900591984 /* Resources */,
			);
			buildRules = (
			);
			dependencies = (
			);
			name = H5ForLocalV2;
			productName = H5ForLocalV2;
			productReference = E011ADD72B29D53900591984 /* H5ForLocalV2.app */;
			productType = "com.apple.product-type.application";
		};
		E011ADEC2B29D53F00591984 /* H5ForLocalV2Tests */ = {
			isa = PBXNativeTarget;
			buildConfigurationList = E011AE042B29D53F00591984 /* Build configuration list for PBXNativeTarget "H5ForLocalV2Tests" */;
			buildPhases = (
				E011ADE92B29D53F00591984 /* Sources */,
				E011ADEA2B29D53F00591984 /* Frameworks */,
				E011ADEB2B29D53F00591984 /* Resources */,
			);
			buildRules = (
			);
			dependencies = (
				E011ADEF2B29D53F00591984 /* PBXTargetDependency */,
			);
			name = H5ForLocalV2Tests;
			productName = H5ForLocalV2Tests;
			productReference = E011ADED2B29D53F00591984 /* H5ForLocalV2Tests.xctest */;
			productType = "com.apple.product-type.bundle.unit-test";
		};
		E011ADF62B29D53F00591984 /* H5ForLocalV2UITests */ = {
			isa = PBXNativeTarget;
			buildConfigurationList = E011AE072B29D53F00591984 /* Build configuration list for PBXNativeTarget "H5ForLocalV2UITests" */;
			buildPhases = (
				E011ADF32B29D53F00591984 /* Sources */,
				E011ADF42B29D53F00591984 /* Frameworks */,
				E011ADF52B29D53F00591984 /* Resources */,
			);
			buildRules = (
			);
			dependencies = (
				E011ADF92B29D53F00591984 /* PBXTargetDependency */,
			);
			name = H5ForLocalV2UITests;
			productName = H5ForLocalV2UITests;
			productReference = E011ADF72B29D53F00591984 /* H5ForLocalV2UITests.xctest */;
			productType = "com.apple.product-type.bundle.ui-testing";
		};
/* End PBXNativeTarget section */

/* Begin PBXProject section */
		E011ADCF2B29D53900591984 /* Project object */ = {
			isa = PBXProject;
			attributes = {
				BuildIndependentTargetsInParallel = 1;
				LastSwiftUpdateCheck = 1330;
				LastUpgradeCheck = 1330;
				TargetAttributes = {
					E011ADD62B29D53900591984 = {
						CreatedOnToolsVersion = 13.3;
					};
					E011ADEC2B29D53F00591984 = {
						CreatedOnToolsVersion = 13.3;
						TestTargetID = E011ADD62B29D53900591984;
					};
					E011ADF62B29D53F00591984 = {
						CreatedOnToolsVersion = 13.3;
						TestTargetID = E011ADD62B29D53900591984;
					};
				};
			};
			buildConfigurationList = E011ADD22B29D53900591984 /* Build configuration list for PBXProject "H5ForLocalV2" */;
			compatibilityVersion = "Xcode 13.0";
			developmentRegion = en;
			hasScannedForEncodings = 0;
			knownRegions = (
				en,
				Base,
			);
			mainGroup = E011ADCE2B29D53900591984;
			productRefGroup = E011ADD82B29D53900591984 /* Products */;
			projectDirPath = "";
			projectRoot = "";
			targets = (
				E011ADD62B29D53900591984 /* H5ForLocalV2 */,
				E011ADEC2B29D53F00591984 /* H5ForLocalV2Tests */,
				E011ADF62B29D53F00591984 /* H5ForLocalV2UITests */,
			);
		};
/* End PBXProject section */

/* Begin PBXResourcesBuildPhase section */
		E011ADD52B29D53900591984 /* Resources */ = {
			isa = PBXResourcesBuildPhase;
			buildActionMask = 2147483647;
			files = (
				E011ADE72B29D53F00591984 /* LaunchScreen.storyboard in Resources */,
				E011ADE42B29D53F00591984 /* Assets.xcassets in Resources */,
				E011ADE22B29D53900591984 /* Main.storyboard in Resources */,
			);
			runOnlyForDeploymentPostprocessing = 0;
		};
		E011ADEB2B29D53F00591984 /* Resources */ = {
			isa = PBXResourcesBuildPhase;
			buildActionMask = 2147483647;
			files = (
			);
			runOnlyForDeploymentPostprocessing = 0;
		};
		E011ADF52B29D53F00591984 /* Resources */ = {
			isa = PBXResourcesBuildPhase;
			buildActionMask = 2147483647;
			files = (
			);
			runOnlyForDeploymentPostprocessing = 0;
		};
/* End PBXResourcesBuildPhase section */

/* Begin PBXSourcesBuildPhase section */
		E011ADD32B29D53900591984 /* Sources */ = {
			isa = PBXSourcesBuildPhase;
			buildActionMask = 2147483647;
			files = (
				E011ADDF2B29D53900591984 /* ViewController.swift in Sources */,
				E011ADDB2B29D53900591984 /* AppDelegate.swift in Sources */,
				E011ADDD2B29D53900591984 /* SceneDelegate.swift in Sources */,
			);
			runOnlyForDeploymentPostprocessing = 0;
		};
		E011ADE92B29D53F00591984 /* Sources */ = {
			isa = PBXSourcesBuildPhase;
			buildActionMask = 2147483647;
			files = (
				E011ADF22B29D53F00591984 /* H5ForLocalV2Tests.swift in Sources */,
			);
			runOnlyForDeploymentPostprocessing = 0;
		};
		E011ADF32B29D53F00591984 /* Sources */ = {
			isa = PBXSourcesBuildPhase;
			buildActionMask = 2147483647;
			files = (
				E011ADFC2B29D53F00591984 /* H5ForLocalV2UITests.swift in Sources */,
				E011ADFE2B29D53F00591984 /* H5ForLocalV2UITestsLaunchTests.swift in Sources */,
			);
			runOnlyForDeploymentPostprocessing = 0;
		};
/* End PBXSourcesBuildPhase section */

/* Begin PBXTargetDependency section */
		E011ADEF2B29D53F00591984 /* PBXTargetDependency */ = {
			isa = PBXTargetDependency;
			target = E011ADD62B29D53900591984 /* H5ForLocalV2 */;
			targetProxy = E011ADEE2B29D53F00591984 /* PBXContainerItemProxy */;
		};
		E011ADF92B29D53F00591984 /* PBXTargetDependency */ = {
			isa = PBXTargetDependency;
			target = E011ADD62B29D53900591984 /* H5ForLocalV2 */;
			targetProxy = E011ADF82B29D53F00591984 /* PBXContainerItemProxy */;
		};
/* End PBXTargetDependency section */

/* Begin PBXVariantGroup section */
		E011ADE02B29D53900591984 /* Main.storyboard */ = {
			isa = PBXVariantGroup;
			children = (
				E011ADE12B29D53900591984 /* Base */,
			);
			name = Main.storyboard;
			sourceTree = "<group>";
		};
		E011ADE52B29D53F00591984 /* LaunchScreen.storyboard */ = {
			isa = PBXVariantGroup;
			children = (
				E011ADE62B29D53F00591984 /* Base */,
			);
			name = LaunchScreen.storyboard;
			sourceTree = "<group>";
		};
/* End PBXVariantGroup section */

/* Begin XCBuildConfiguration section */
		E011ADFF2B29D53F00591984 /* Debug */ = {
			isa = XCBuildConfiguration;
			buildSettings = {
				ALWAYS_SEARCH_USER_PATHS = NO;
				CLANG_ANALYZER_NONNULL = YES;
				CLANG_ANALYZER_NUMBER_OBJECT_CONVERSION = YES_AGGRESSIVE;
				CLANG_CXX_LANGUAGE_STANDARD = "gnu++17";
				CLANG_ENABLE_MODULES = YES;
				CLANG_ENABLE_OBJC_ARC = YES;
				CLANG_ENABLE_OBJC_WEAK = YES;
				CLANG_WARN_BLOCK_CAPTURE_AUTORELEASING = YES;
				CLANG_WARN_BOOL_CONVERSION = YES;
				CLANG_WARN_COMMA = YES;
				CLANG_WARN_CONSTANT_CONVERSION = YES;
				CLANG_WARN_DEPRECATED_OBJC_IMPLEMENTATIONS = YES;
				CLANG_WARN_DIRECT_OBJC_ISA_USAGE = YES_ERROR;
				CLANG_WARN_DOCUMENTATION_COMMENTS = YES;
				CLANG_WARN_EMPTY_BODY = YES;
				CLANG_WARN_ENUM_CONVERSION = YES;
				CLANG_WARN_INFINITE_RECURSION = YES;
				CLANG_WARN_INT_CONVERSION = YES;
				CLANG_WARN_NON_LITERAL_NULL_CONVERSION = YES;
				CLANG_WARN_OBJC_IMPLICIT_RETAIN_SELF = YES;
				CLANG_WARN_OBJC_LITERAL_CONVERSION = YES;
				CLANG_WARN_OBJC_ROOT_CLASS = YES_ERROR;
				CLANG_WARN_QUOTED_INCLUDE_IN_FRAMEWORK_HEADER = YES;
				CLANG_WARN_RANGE_LOOP_ANALYSIS = YES;
				CLANG_WARN_STRICT_PROTOTYPES = YES;
				CLANG_WARN_SUSPICIOUS_MOVE = YES;
				CLANG_WARN_UNGUARDED_AVAILABILITY = YES_AGGRESSIVE;
				CLANG_WARN_UNREACHABLE_CODE = YES;
				CLANG_WARN__DUPLICATE_METHOD_MATCH = YES;
				COPY_PHASE_STRIP = NO;
				DEBUG_INFORMATION_FORMAT = dwarf;
				ENABLE_STRICT_OBJC_MSGSEND = YES;
				ENABLE_TESTABILITY = YES;
				GCC_C_LANGUAGE_STANDARD = gnu11;
				GCC_DYNAMIC_NO_PIC = NO;
				GCC_NO_COMMON_BLOCKS = YES;
				GCC_OPTIMIZATION_LEVEL = 0;
				GCC_PREPROCESSOR_DEFINITIONS = (
					"DEBUG=1",
					"$(inherited)",
				);
				GCC_WARN_64_TO_32_BIT_CONVERSION = YES;
				GCC_WARN_ABOUT_RETURN_TYPE = YES_ERROR;
				GCC_WARN_UNDECLARED_SELECTOR = YES;
				GCC_WARN_UNINITIALIZED_AUTOS = YES_AGGRESSIVE;
				GCC_WARN_UNUSED_FUNCTION = YES;
				GCC_WARN_UNUSED_VARIABLE = YES;
				IPHONEOS_DEPLOYMENT_TARGET = 15.4;
				MTL_ENABLE_DEBUG_INFO = INCLUDE_SOURCE;
				MTL_FAST_MATH = YES;
				ONLY_ACTIVE_ARCH = YES;
				SDKROOT = iphoneos;
				SWIFT_ACTIVE_COMPILATION_CONDITIONS = DEBUG;
				SWIFT_OPTIMIZATION_LEVEL = "-Onone";
			};
			name = Debug;
		};
		E011AE002B29D53F00591984 /* Release */ = {
			isa = XCBuildConfiguration;
			buildSettings = {
				ALWAYS_SEARCH_USER_PATHS = NO;
				CLANG_ANALYZER_NONNULL = YES;
				CLANG_ANALYZER_NUMBER_OBJECT_CONVERSION = YES_AGGRESSIVE;
				CLANG_CXX_LANGUAGE_STANDARD = "gnu++17";
				CLANG_ENABLE_MODULES = YES;
				CLANG_ENABLE_OBJC_ARC = YES;
				CLANG_ENABLE_OBJC_WEAK = YES;
				CLANG_WARN_BLOCK_CAPTURE_AUTORELEASING = YES;
				CLANG_WARN_BOOL_CONVERSION = YES;
				CLANG_WARN_COMMA = YES;
				CLANG_WARN_CONSTANT_CONVERSION = YES;
				CLANG_WARN_DEPRECATED_OBJC_IMPLEMENTATIONS = YES;
				CLANG_WARN_DIRECT_OBJC_ISA_USAGE = YES_ERROR;
				CLANG_WARN_DOCUMENTATION_COMMENTS = YES;
				CLANG_WARN_EMPTY_BODY = YES;
				CLANG_WARN_ENUM_CONVERSION = YES;
				CLANG_WARN_INFINITE_RECURSION = YES;
				CLANG_WARN_INT_CONVERSION = YES;
				CLANG_WARN_NON_LITERAL_NULL_CONVERSION = YES;
				CLANG_WARN_OBJC_IMPLICIT_RETAIN_SELF = YES;
				CLANG_WARN_OBJC_LITERAL_CONVERSION = YES;
				CLANG_WARN_OBJC_ROOT_CLASS = YES_ERROR;
				CLANG_WARN_QUOTED_INCLUDE_IN_FRAMEWORK_HEADER = YES;
				CLANG_WARN_RANGE_LOOP_ANALYSIS = YES;
				CLANG_WARN_STRICT_PROTOTYPES = YES;
				CLANG_WARN_SUSPICIOUS_MOVE = YES;
				CLANG_WARN_UNGUARDED_AVAILABILITY = YES_AGGRESSIVE;
				CLANG_WARN_UNREACHABLE_CODE = YES;
				CLANG_WARN__DUPLICATE_METHOD_MATCH = YES;
				COPY_PHASE_STRIP = NO;
				DEBUG_INFORMATION_FORMAT = "dwarf-with-dsym";
				ENABLE_NS_ASSERTIONS = NO;
				ENABLE_STRICT_OBJC_MSGSEND = YES;
				GCC_C_LANGUAGE_STANDARD = gnu11;
				GCC_NO_COMMON_BLOCKS = YES;
				GCC_WARN_64_TO_32_BIT_CONVERSION = YES;
				GCC_WARN_ABOUT_RETURN_TYPE = YES_ERROR;
				GCC_WARN_UNDECLARED_SELECTOR = YES;
				GCC_WARN_UNINITIALIZED_AUTOS = YES_AGGRESSIVE;
				GCC_WARN_UNUSED_FUNCTION = YES;
				GCC_WARN_UNUSED_VARIABLE = YES;
				IPHONEOS_DEPLOYMENT_TARGET = 15.4;
				MTL_ENABLE_DEBUG_INFO = NO;
				MTL_FAST_MATH = YES;
				SDKROOT = iphoneos;
				SWIFT_COMPILATION_MODE = wholemodule;
				SWIFT_OPTIMIZATION_LEVEL = "-O";
				VALIDATE_PRODUCT = YES;
			};
			name = Release;
		};
		E011AE022B29D53F00591984 /* Debug */ = {
			isa = XCBuildConfiguration;
			buildSettings = {
				ASSETCATALOG_COMPILER_APPICON_NAME = AppIcon;
				ASSETCATALOG_COMPILER_GLOBAL_ACCENT_COLOR_NAME = AccentColor;
				CODE_SIGN_STYLE = Automatic;
				CURRENT_PROJECT_VERSION = 1;
				GENERATE_INFOPLIST_FILE = YES;
				INFOPLIST_FILE = H5ForLocalV2/Info.plist;
				INFOPLIST_KEY_UIApplicationSupportsIndirectInputEvents = YES;
				INFOPLIST_KEY_UILaunchStoryboardName = LaunchScreen;
				INFOPLIST_KEY_UIMainStoryboardFile = Main;
				INFOPLIST_KEY_UISupportedInterfaceOrientations_iPad = "UIInterfaceOrientationPortrait UIInterfaceOrientationPortraitUpsideDown UIInterfaceOrientationLandscapeLeft UIInterfaceOrientationLandscapeRight";
				INFOPLIST_KEY_UISupportedInterfaceOrientations_iPhone = "UIInterfaceOrientationPortrait UIInterfaceOrientationLandscapeLeft UIInterfaceOrientationLandscapeRight";
				LD_RUNPATH_SEARCH_PATHS = (
					"$(inherited)",
					"@executable_path/Frameworks",
				);
				MARKETING_VERSION = 1.0;
				PRODUCT_BUNDLE_IDENTIFIER = icebear.H5ForLocalV2;
				PRODUCT_NAME = "$(TARGET_NAME)";
				SWIFT_EMIT_LOC_STRINGS = YES;
				SWIFT_VERSION = 5.0;
				TARGETED_DEVICE_FAMILY = "1,2";
			};
			name = Debug;
		};
		E011AE032B29D53F00591984 /* Release */ = {
			isa = XCBuildConfiguration;
			buildSettings = {
				ASSETCATALOG_COMPILER_APPICON_NAME = AppIcon;
				ASSETCATALOG_COMPILER_GLOBAL_ACCENT_COLOR_NAME = AccentColor;
				CODE_SIGN_STYLE = Automatic;
				CURRENT_PROJECT_VERSION = 1;
				GENERATE_INFOPLIST_FILE = YES;
				INFOPLIST_FILE = H5ForLocalV2/Info.plist;
				INFOPLIST_KEY_UIApplicationSupportsIndirectInputEvents = YES;
				INFOPLIST_KEY_UILaunchStoryboardName = LaunchScreen;
				INFOPLIST_KEY_UIMainStoryboardFile = Main;
				INFOPLIST_KEY_UISupportedInterfaceOrientations_iPad = "UIInterfaceOrientationPortrait UIInterfaceOrientationPortraitUpsideDown UIInterfaceOrientationLandscapeLeft UIInterfaceOrientationLandscapeRight";
				INFOPLIST_KEY_UISupportedInterfaceOrientations_iPhone = "UIInterfaceOrientationPortrait UIInterfaceOrientationLandscapeLeft UIInterfaceOrientationLandscapeRight";
				LD_RUNPATH_SEARCH_PATHS = (
					"$(inherited)",
					"@executable_path/Frameworks",
				);
				MARKETING_VERSION = 1.0;
				PRODUCT_BUNDLE_IDENTIFIER = icebear.H5ForLocalV2;
				PRODUCT_NAME = "$(TARGET_NAME)";
				SWIFT_EMIT_LOC_STRINGS = YES;
				SWIFT_VERSION = 5.0;
				TARGETED_DEVICE_FAMILY = "1,2";
			};
			name = Release;
		};
		E011AE052B29D53F00591984 /* Debug */ = {
			isa = XCBuildConfiguration;
			buildSettings = {
				ALWAYS_EMBED_SWIFT_STANDARD_LIBRARIES = YES;
				BUNDLE_LOADER = "$(TEST_HOST)";
				CODE_SIGN_STYLE = Automatic;
				CURRENT_PROJECT_VERSION = 1;
				GENERATE_INFOPLIST_FILE = YES;
				IPHONEOS_DEPLOYMENT_TARGET = 15.4;
				MARKETING_VERSION = 1.0;
				PRODUCT_BUNDLE_IDENTIFIER = icebear.H5ForLocalV2Tests;
				PRODUCT_NAME = "$(TARGET_NAME)";
				SWIFT_EMIT_LOC_STRINGS = NO;
				SWIFT_VERSION = 5.0;
				TARGETED_DEVICE_FAMILY = "1,2";
				TEST_HOST = "$(BUILT_PRODUCTS_DIR)/H5ForLocalV2.app/H5ForLocalV2";
			};
			name = Debug;
		};
		E011AE062B29D53F00591984 /* Release */ = {
			isa = XCBuildConfiguration;
			buildSettings = {
				ALWAYS_EMBED_SWIFT_STANDARD_LIBRARIES = YES;
				BUNDLE_LOADER = "$(TEST_HOST)";
				CODE_SIGN_STYLE = Automatic;
				CURRENT_PROJECT_VERSION = 1;
				GENERATE_INFOPLIST_FILE = YES;
				IPHONEOS_DEPLOYMENT_TARGET = 15.4;
				MARKETING_VERSION = 1.0;
				PRODUCT_BUNDLE_IDENTIFIER = icebear.H5ForLocalV2Tests;
				PRODUCT_NAME = "$(TARGET_NAME)";
				SWIFT_EMIT_LOC_STRINGS = NO;
				SWIFT_VERSION = 5.0;
				TARGETED_DEVICE_FAMILY = "1,2";
				TEST_HOST = "$(BUILT_PRODUCTS_DIR)/H5ForLocalV2.app/H5ForLocalV2";
			};
			name = Release;
		};
		E011AE082B29D53F00591984 /* Debug */ = {
			isa = XCBuildConfiguration;
			buildSettings = {
				ALWAYS_EMBED_SWIFT_STANDARD_LIBRARIES = YES;
				CODE_SIGN_STYLE = Automatic;
				CURRENT_PROJECT_VERSION = 1;
				GENERATE_INFOPLIST_FILE = YES;
				MARKETING_VERSION = 1.0;
				PRODUCT_BUNDLE_IDENTIFIER = icebear.H5ForLocalV2UITests;
				PRODUCT_NAME = "$(TARGET_NAME)";
				SWIFT_EMIT_LOC_STRINGS = NO;
				SWIFT_VERSION = 5.0;
				TARGETED_DEVICE_FAMILY = "1,2";
				TEST_TARGET_NAME = H5ForLocalV2;
			};
			name = Debug;
		};
		E011AE092B29D53F00591984 /* Release */ = {
			isa = XCBuildConfiguration;
			buildSettings = {
				ALWAYS_EMBED_SWIFT_STANDARD_LIBRARIES = YES;
				CODE_SIGN_STYLE = Automatic;
				CURRENT_PROJECT_VERSION = 1;
				GENERATE_INFOPLIST_FILE = YES;
				MARKETING_VERSION = 1.0;
				PRODUCT_BUNDLE_IDENTIFIER = icebear.H5ForLocalV2UITests;
				PRODUCT_NAME = "$(TARGET_NAME)";
				SWIFT_EMIT_LOC_STRINGS = NO;
				SWIFT_VERSION = 5.0;
				TARGETED_DEVICE_FAMILY = "1,2";
				TEST_TARGET_NAME = H5ForLocalV2;
			};
			name = Release;
		};
/* End XCBuildConfiguration section */

/* Begin XCConfigurationList section */
		E011ADD22B29D53900591984 /* Build configuration list for PBXProject "H5ForLocalV2" */ = {
			isa = XCConfigurationList;
			buildConfigurations = (
				E011ADFF2B29D53F00591984 /* Debug */,
				E011AE002B29D53F00591984 /* Release */,
			);
			defaultConfigurationIsVisible = 0;
			defaultConfigurationName = Release;
		};
		E011AE012B29D53F00591984 /* Build configuration list for PBXNativeTarget "H5ForLocalV2" */ = {
			isa = XCConfigurationList;
			buildConfigurations = (
				E011AE022B29D53F00591984 /* Debug */,
				E011AE032B29D53F00591984 /* Release */,
			);
			defaultConfigurationIsVisible = 0;
			defaultConfigurationName = Release;
		};
		E011AE042B29D53F00591984 /* Build configuration list for PBXNativeTarget "H5ForLocalV2Tests" */ = {
			isa = XCConfigurationList;
			buildConfigurations = (
				E011AE052B29D53F00591984 /* Debug */,
				E011AE062B29D53F00591984 /* Release */,
			);
			defaultConfigurationIsVisible = 0;
			defaultConfigurationName = Release;
		};
		E011AE072B29D53F00591984 /* Build configuration list for PBXNativeTarget "H5ForLocalV2UITests" */ = {
			isa = XCConfigurationList;
			buildConfigurations = (
				E011AE082B29D53F00591984 /* Debug */,
				E011AE092B29D53F00591984 /* Release */,
			);
			defaultConfigurationIsVisible = 0;
			defaultConfigurationName = Release;
		};
/* End XCConfigurationList section */
	};
	rootObject = E011ADCF2B29D53900591984 /* Project object */;
}
